
Microsoft Visual Studio Solution File, Format Version 12.00
# Visual Studio Version 17
VisualStudioVersion = 17.4.33213.308
MinimumVisualStudioVersion = 10.0.40219.1
Project("{FAE04EC0-301F-11D3-BF4B-00C04F79EFBC}") = "EDP_API_Exemplo_Aula_CI_CD", "EDP_API_Exemplo_Aula_CI_CD.csproj", "{4311B4C6-590C-4DC5-A77F-87A4B335F2CC}"
EndProject
Global
	GlobalSection(SolutionConfigurationPlatforms) = preSolution
		Debug|Any CPU = Debug|Any CPU
		Release|Any CPU = Release|Any CPU
	EndGlobalSection
	GlobalSection(ProjectConfigurationPlatforms) = postSolution
		{4311B4C6-590C-4DC5-A77F-87A4B335F2CC}.Debug|Any CPU.ActiveCfg = Debug|Any CPU
		{4311B4C6-590C-4DC5-A77F-87A4B335F2CC}.Debug|Any CPU.Build.0 = Debug|Any CPU
		{4311B4C6-590C-4DC5-A77F-87A4B335F2CC}.Release|Any CPU.ActiveCfg = Release|Any CPU
		{4311B4C6-590C-4DC5-A77F-87A4B335F2CC}.Release|Any CPU.Build.0 = Release|Any CPU
	EndGlobalSection
	GlobalSection(SolutionProperties) = preSolution
		HideSolutionNode = FALSE
	EndGlobalSection
	GlobalSection(ExtensibilityGlobals) = postSolution
		SolutionGuid = {1EF3267A-5EEF-4527-BE87-01AB3E882584}
	EndGlobalSection
EndGlobal
